// !$*UTF8*$!
{
	archiveVersion = 1;
	classes = {
	};
	objectVersion = 56;
	objects = {

/* Begin PBXBuildFile section */
		DF06E7462BE26E3C000941F6 /* MainView.swift in Sources */ = {isa = PBXBuildFile; fileRef = DF06E7452BE26E3C000941F6 /* MainView.swift */; };
		DF06E7482BE26E44000941F6 /* Detail.swift in Sources */ = {isa = PBXBuildFile; fileRef = DF06E7472BE26E44000941F6 /* Detail.swift */; };
		DF06E74A2BE26E79000941F6 /* Detail+View.swift in Sources */ = {isa = PBXBuildFile; fileRef = DF06E7492BE26E79000941F6 /* Detail+View.swift */; };
		DF06E74C2BE26EC3000941F6 /* AnyPublisher+Extension.swift in Sources */ = {isa = PBXBuildFile; fileRef = DF06E74B2BE26EC3000941F6 /* AnyPublisher+Extension.swift */; };
		DF06E74E2BE26ECD000941F6 /* Publisher+Extension.swift in Sources */ = {isa = PBXBuildFile; fileRef = DF06E74D2BE26ECD000941F6 /* Publisher+Extension.swift */; };
		DF06E7502BE26F17000941F6 /* RawRepresentable+Extension.swift in Sources */ = {isa = PBXBuildFile; fileRef = DF06E74F2BE26F17000941F6 /* RawRepresentable+Extension.swift */; };
		DF4A895D2BE22D8D00E15368 /* TCA_mergeApp.swift in Sources */ = {isa = PBXBuildFile; fileRef = DF4A895C2BE22D8D00E15368 /* TCA_mergeApp.swift */; };
		DF4A89612BE22D9100E15368 /* Assets.xcassets in Resources */ = {isa = PBXBuildFile; fileRef = DF4A89602BE22D9100E15368 /* Assets.xcassets */; };
		DF4A89642BE22D9100E15368 /* Preview Assets.xcassets in Resources */ = {isa = PBXBuildFile; fileRef = DF4A89632BE22D9100E15368 /* Preview Assets.xcassets */; };
		DF4A896E2BE22D9100E15368 /* TCA_mergeTests.swift in Sources */ = {isa = PBXBuildFile; fileRef = DF4A896D2BE22D9100E15368 /* TCA_mergeTests.swift */; };
		DF4A89782BE22D9100E15368 /* TCA_mergeUITests.swift in Sources */ = {isa = PBXBuildFile; fileRef = DF4A89772BE22D9100E15368 /* TCA_mergeUITests.swift */; };
		DF4A897A2BE22D9100E15368 /* TCA_mergeUITestsLaunchTests.swift in Sources */ = {isa = PBXBuildFile; fileRef = DF4A89792BE22D9100E15368 /* TCA_mergeUITestsLaunchTests.swift */; };
		DF4A89882BE22EFE00E15368 /* ComposableArchitecture in Frameworks */ = {isa = PBXBuildFile; productRef = DF4A89872BE22EFE00E15368 /* ComposableArchitecture */; };
/* End PBXBuildFile section */

/* Begin PBXContainerItemProxy section */
		DF4A896A2BE22D9100E15368 /* PBXContainerItemProxy */ = {
			isa = PBXContainerItemProxy;
			containerPortal = DF4A89512BE22D8D00E15368 /* Project object */;
			proxyType = 1;
			remoteGlobalIDString = DF4A89582BE22D8D00E15368;
			remoteInfo = "TCA merge";
		};
		DF4A89742BE22D9100E15368 /* PBXContainerItemProxy */ = {
			isa = PBXContainerItemProxy;
			containerPortal = DF4A89512BE22D8D00E15368 /* Project object */;
			proxyType = 1;
			remoteGlobalIDString = DF4A89582BE22D8D00E15368;
			remoteInfo = "TCA merge";
		};
/* End PBXContainerItemProxy section */

/* Begin PBXFileReference section */
		DF06E7452BE26E3C000941F6 /* MainView.swift */ = {isa = PBXFileReference; lastKnownFileType = sourcecode.swift; path = MainView.swift; sourceTree = "<group>"; };
		DF06E7472BE26E44000941F6 /* Detail.swift */ = {isa = PBXFileReference; lastKnownFileType = sourcecode.swift; path = Detail.swift; sourceTree = "<group>"; };
		DF06E7492BE26E79000941F6 /* Detail+View.swift */ = {isa = PBXFileReference; lastKnownFileType = sourcecode.swift; path = "Detail+View.swift"; sourceTree = "<group>"; };
		DF06E74B2BE26EC3000941F6 /* AnyPublisher+Extension.swift */ = {isa = PBXFileReference; lastKnownFileType = sourcecode.swift; path = "AnyPublisher+Extension.swift"; sourceTree = "<group>"; };
		DF06E74D2BE26ECD000941F6 /* Publisher+Extension.swift */ = {isa = PBXFileReference; lastKnownFileType = sourcecode.swift; path = "Publisher+Extension.swift"; sourceTree = "<group>"; };
		DF06E74F2BE26F17000941F6 /* RawRepresentable+Extension.swift */ = {isa = PBXFileReference; lastKnownFileType = sourcecode.swift; path = "RawRepresentable+Extension.swift"; sourceTree = "<group>"; };
		DF4A89592BE22D8D00E15368 /* TCA merge.app */ = {isa = PBXFileReference; explicitFileType = wrapper.application; includeInIndex = 0; path = "TCA merge.app"; sourceTree = BUILT_PRODUCTS_DIR; };
		DF4A895C2BE22D8D00E15368 /* TCA_mergeApp.swift */ = {isa = PBXFileReference; lastKnownFileType = sourcecode.swift; path = TCA_mergeApp.swift; sourceTree = "<group>"; };
		DF4A89602BE22D9100E15368 /* Assets.xcassets */ = {isa = PBXFileReference; lastKnownFileType = folder.assetcatalog; path = Assets.xcassets; sourceTree = "<group>"; };
		DF4A89632BE22D9100E15368 /* Preview Assets.xcassets */ = {isa = PBXFileReference; lastKnownFileType = folder.assetcatalog; path = "Preview Assets.xcassets"; sourceTree = "<group>"; };
		DF4A89692BE22D9100E15368 /* TCA mergeTests.xctest */ = {isa = PBXFileReference; explicitFileType = wrapper.cfbundle; includeInIndex = 0; path = "TCA mergeTests.xctest"; sourceTree = BUILT_PRODUCTS_DIR; };
		DF4A896D2BE22D9100E15368 /* TCA_mergeTests.swift */ = {isa = PBXFileReference; lastKnownFileType = sourcecode.swift; path = TCA_mergeTests.swift; sourceTree = "<group>"; };
		DF4A89732BE22D9100E15368 /* TCA mergeUITests.xctest */ = {isa = PBXFileReference; explicitFileType = wrapper.cfbundle; includeInIndex = 0; path = "TCA mergeUITests.xctest"; sourceTree = BUILT_PRODUCTS_DIR; };
		DF4A89772BE22D9100E15368 /* TCA_mergeUITests.swift */ = {isa = PBXFileReference; lastKnownFileType = sourcecode.swift; path = TCA_mergeUITests.swift; sourceTree = "<group>"; };
		DF4A89792BE22D9100E15368 /* TCA_mergeUITestsLaunchTests.swift */ = {isa = PBXFileReference; lastKnownFileType = sourcecode.swift; path = TCA_mergeUITestsLaunchTests.swift; sourceTree = "<group>"; };
/* End PBXFileReference section */

/* Begin PBXFrameworksBuildPhase section */
		DF4A89562BE22D8D00E15368 /* Frameworks */ = {
			isa = PBXFrameworksBuildPhase;
			buildActionMask = 2147483647;
			files = (
				DF4A89882BE22EFE00E15368 /* ComposableArchitecture in Frameworks */,
			);
			runOnlyForDeploymentPostprocessing = 0;
		};
		DF4A89662BE22D9100E15368 /* Frameworks */ = {
			isa = PBXFrameworksBuildPhase;
			buildActionMask = 2147483647;
			files = (
			);
			runOnlyForDeploymentPostprocessing = 0;
		};
		DF4A89702BE22D9100E15368 /* Frameworks */ = {
			isa = PBXFrameworksBuildPhase;
			buildActionMask = 2147483647;
			files = (
			);
			runOnlyForDeploymentPostprocessing = 0;
		};
/* End PBXFrameworksBuildPhase section */

/* Begin PBXGroup section */
		DF06E7512BE26F23000941F6 /* Extension */ = {
			isa = PBXGroup;
			children = (
				DF06E74B2BE26EC3000941F6 /* AnyPublisher+Extension.swift */,
				DF06E74D2BE26ECD000941F6 /* Publisher+Extension.swift */,
				DF06E74F2BE26F17000941F6 /* RawRepresentable+Extension.swift */,
			);
			path = Extension;
			sourceTree = "<group>";
		};
		DF06E7522BE26F32000941F6 /* Assets */ = {
			isa = PBXGroup;
			children = (
				DF4A89622BE22D9100E15368 /* Preview Content */,
				DF4A89602BE22D9100E15368 /* Assets.xcassets */,
			);
			path = Assets;
			sourceTree = "<group>";
		};
		DF4A89502BE22D8D00E15368 = {
			isa = PBXGroup;
			children = (
				DF4A895B2BE22D8D00E15368 /* TCA merge */,
				DF4A896C2BE22D9100E15368 /* TCA mergeTests */,
				DF4A89762BE22D9100E15368 /* TCA mergeUITests */,
				DF4A895A2BE22D8D00E15368 /* Products */,
			);
			sourceTree = "<group>";
		};
		DF4A895A2BE22D8D00E15368 /* Products */ = {
			isa = PBXGroup;
			children = (
				DF4A89592BE22D8D00E15368 /* TCA merge.app */,
				DF4A89692BE22D9100E15368 /* TCA mergeTests.xctest */,
				DF4A89732BE22D9100E15368 /* TCA mergeUITests.xctest */,
			);
			name = Products;
			sourceTree = "<group>";
		};
		DF4A895B2BE22D8D00E15368 /* TCA merge */ = {
			isa = PBXGroup;
			children = (
				DF06E7522BE26F32000941F6 /* Assets */,
				DF06E7512BE26F23000941F6 /* Extension */,
				DF4A895C2BE22D8D00E15368 /* TCA_mergeApp.swift */,
				DF06E7452BE26E3C000941F6 /* MainView.swift */,
				DF06E7472BE26E44000941F6 /* Detail.swift */,
				DF06E7492BE26E79000941F6 /* Detail+View.swift */,
			);
			path = "TCA merge";
			sourceTree = "<group>";
		};
		DF4A89622BE22D9100E15368 /* Preview Content */ = {
			isa = PBXGroup;
			children = (
				DF4A89632BE22D9100E15368 /* Preview Assets.xcassets */,
			);
			path = "Preview Content";
			sourceTree = "<group>";
		};
		DF4A896C2BE22D9100E15368 /* TCA mergeTests */ = {
			isa = PBXGroup;
			children = (
				DF4A896D2BE22D9100E15368 /* TCA_mergeTests.swift */,
			);
			path = "TCA mergeTests";
			sourceTree = "<group>";
		};
		DF4A89762BE22D9100E15368 /* TCA mergeUITests */ = {
			isa = PBXGroup;
			children = (
				DF4A89772BE22D9100E15368 /* TCA_mergeUITests.swift */,
				DF4A89792BE22D9100E15368 /* TCA_mergeUITestsLaunchTests.swift */,
			);
			path = "TCA mergeUITests";
			sourceTree = "<group>";
		};
/* End PBXGroup section */

/* Begin PBXNativeTarget section */
		DF4A89582BE22D8D00E15368 /* TCA merge */ = {
			isa = PBXNativeTarget;
			buildConfigurationList = DF4A897D2BE22D9100E15368 /* Build configuration list for PBXNativeTarget "TCA merge" */;
			buildPhases = (
				DF4A89552BE22D8D00E15368 /* Sources */,
				DF4A89562BE22D8D00E15368 /* Frameworks */,
				DF4A89572BE22D8D00E15368 /* Resources */,
			);
			buildRules = (
			);
			dependencies = (
			);
			name = "TCA merge";
			packageProductDependencies = (
				DF4A89872BE22EFE00E15368 /* ComposableArchitecture */,
			);
			productName = "TCA merge";
			productReference = DF4A89592BE22D8D00E15368 /* TCA merge.app */;
			productType = "com.apple.product-type.application";
		};
		DF4A89682BE22D9100E15368 /* TCA mergeTests */ = {
			isa = PBXNativeTarget;
			buildConfigurationList = DF4A89802BE22D9100E15368 /* Build configuration list for PBXNativeTarget "TCA mergeTests" */;
			buildPhases = (
				DF4A89652BE22D9100E15368 /* Sources */,
				DF4A89662BE22D9100E15368 /* Frameworks */,
				DF4A89672BE22D9100E15368 /* Resources */,
			);
			buildRules = (
			);
			dependencies = (
				DF4A896B2BE22D9100E15368 /* PBXTargetDependency */,
			);
			name = "TCA mergeTests";
			productName = "TCA mergeTests";
			productReference = DF4A89692BE22D9100E15368 /* TCA mergeTests.xctest */;
			productType = "com.apple.product-type.bundle.unit-test";
		};
		DF4A89722BE22D9100E15368 /* TCA mergeUITests */ = {
			isa = PBXNativeTarget;
			buildConfigurationList = DF4A89832BE22D9100E15368 /* Build configuration list for PBXNativeTarget "TCA mergeUITests" */;
			buildPhases = (
				DF4A896F2BE22D9100E15368 /* Sources */,
				DF4A89702BE22D9100E15368 /* Frameworks */,
				DF4A89712BE22D9100E15368 /* Resources */,
			);
			buildRules = (
			);
			dependencies = (
				DF4A89752BE22D9100E15368 /* PBXTargetDependency */,
			);
			name = "TCA mergeUITests";
			productName = "TCA mergeUITests";
			productReference = DF4A89732BE22D9100E15368 /* TCA mergeUITests.xctest */;
			productType = "com.apple.product-type.bundle.ui-testing";
		};
/* End PBXNativeTarget section */

/* Begin PBXProject section */
		DF4A89512BE22D8D00E15368 /* Project object */ = {
			isa = PBXProject;
			attributes = {
				BuildIndependentTargetsInParallel = 1;
				LastSwiftUpdateCheck = 1510;
				LastUpgradeCheck = 1510;
				TargetAttributes = {
					DF4A89582BE22D8D00E15368 = {
						CreatedOnToolsVersion = 15.1;
					};
					DF4A89682BE22D9100E15368 = {
						CreatedOnToolsVersion = 15.1;
						TestTargetID = DF4A89582BE22D8D00E15368;
					};
					DF4A89722BE22D9100E15368 = {
						CreatedOnToolsVersion = 15.1;
						TestTargetID = DF4A89582BE22D8D00E15368;
					};
				};
			};
			buildConfigurationList = DF4A89542BE22D8D00E15368 /* Build configuration list for PBXProject "TCA merge" */;
			compatibilityVersion = "Xcode 14.0";
			developmentRegion = en;
			hasScannedForEncodings = 0;
			knownRegions = (
				en,
				Base,
			);
			mainGroup = DF4A89502BE22D8D00E15368;
			packageReferences = (
				DF4A89862BE22EFE00E15368 /* XCRemoteSwiftPackageReference "swift-composable-architecture" */,
			);
			productRefGroup = DF4A895A2BE22D8D00E15368 /* Products */;
			projectDirPath = "";
			projectRoot = "";
			targets = (
				DF4A89582BE22D8D00E15368 /* TCA merge */,
				DF4A89682BE22D9100E15368 /* TCA mergeTests */,
				DF4A89722BE22D9100E15368 /* TCA mergeUITests */,
			);
		};
/* End PBXProject section */

/* Begin PBXResourcesBuildPhase section */
		DF4A89572BE22D8D00E15368 /* Resources */ = {
			isa = PBXResourcesBuildPhase;
			buildActionMask = 2147483647;
			files = (
				DF4A89642BE22D9100E15368 /* Preview Assets.xcassets in Resources */,
				DF4A89612BE22D9100E15368 /* Assets.xcassets in Resources */,
			);
			runOnlyForDeploymentPostprocessing = 0;
		};
		DF4A89672BE22D9100E15368 /* Resources */ = {
			isa = PBXResourcesBuildPhase;
			buildActionMask = 2147483647;
			files = (
			);
			runOnlyForDeploymentPostprocessing = 0;
		};
		DF4A89712BE22D9100E15368 /* Resources */ = {
			isa = PBXResourcesBuildPhase;
			buildActionMask = 2147483647;
			files = (
			);
			runOnlyForDeploymentPostprocessing = 0;
		};
/* End PBXResourcesBuildPhase section */

/* Begin PBXSourcesBuildPhase section */
		DF4A89552BE22D8D00E15368 /* Sources */ = {
			isa = PBXSourcesBuildPhase;
			buildActionMask = 2147483647;
			files = (
				DF06E7502BE26F17000941F6 /* RawRepresentable+Extension.swift in Sources */,
				DF06E7482BE26E44000941F6 /* Detail.swift in Sources */,
				DF06E74A2BE26E79000941F6 /* Detail+View.swift in Sources */,
				DF06E7462BE26E3C000941F6 /* MainView.swift in Sources */,
				DF06E74C2BE26EC3000941F6 /* AnyPublisher+Extension.swift in Sources */,
				DF06E74E2BE26ECD000941F6 /* Publisher+Extension.swift in Sources */,
				DF4A895D2BE22D8D00E15368 /* TCA_mergeApp.swift in Sources */,
			);
			runOnlyForDeploymentPostprocessing = 0;
		};
		DF4A89652BE22D9100E15368 /* Sources */ = {
			isa = PBXSourcesBuildPhase;
			buildActionMask = 2147483647;
			files = (
				DF4A896E2BE22D9100E15368 /* TCA_mergeTests.swift in Sources */,
			);
			runOnlyForDeploymentPostprocessing = 0;
		};
		DF4A896F2BE22D9100E15368 /* Sources */ = {
			isa = PBXSourcesBuildPhase;
			buildActionMask = 2147483647;
			files = (
				DF4A897A2BE22D9100E15368 /* TCA_mergeUITestsLaunchTests.swift in Sources */,
				DF4A89782BE22D9100E15368 /* TCA_mergeUITests.swift in Sources */,
			);
			runOnlyForDeploymentPostprocessing = 0;
		};
/* End PBXSourcesBuildPhase section */

/* Begin PBXTargetDependency section */
		DF4A896B2BE22D9100E15368 /* PBXTargetDependency */ = {
			isa = PBXTargetDependency;
			target = DF4A89582BE22D8D00E15368 /* TCA merge */;
			targetProxy = DF4A896A2BE22D9100E15368 /* PBXContainerItemProxy */;
		};
		DF4A89752BE22D9100E15368 /* PBXTargetDependency */ = {
			isa = PBXTargetDependency;
			target = DF4A89582BE22D8D00E15368 /* TCA merge */;
			targetProxy = DF4A89742BE22D9100E15368 /* PBXContainerItemProxy */;
		};
/* End PBXTargetDependency section */

/* Begin XCBuildConfiguration section */
		DF4A897B2BE22D9100E15368 /* Debug */ = {
			isa = XCBuildConfiguration;
			buildSettings = {
				ALWAYS_SEARCH_USER_PATHS = NO;
				ASSETCATALOG_COMPILER_GENERATE_SWIFT_ASSET_SYMBOL_EXTENSIONS = YES;
				CLANG_ANALYZER_NONNULL = YES;
				CLANG_ANALYZER_NUMBER_OBJECT_CONVERSION = YES_AGGRESSIVE;
				CLANG_CXX_LANGUAGE_STANDARD = "gnu++20";
				CLANG_ENABLE_MODULES = YES;
				CLANG_ENABLE_OBJC_ARC = YES;
				CLANG_ENABLE_OBJC_WEAK = YES;
				CLANG_WARN_BLOCK_CAPTURE_AUTORELEASING = YES;
				CLANG_WARN_BOOL_CONVERSION = YES;
				CLANG_WARN_COMMA = YES;
				CLANG_WARN_CONSTANT_CONVERSION = YES;
				CLANG_WARN_DEPRECATED_OBJC_IMPLEMENTATIONS = YES;
				CLANG_WARN_DIRECT_OBJC_ISA_USAGE = YES_ERROR;
				CLANG_WARN_DOCUMENTATION_COMMENTS = YES;
				CLANG_WARN_EMPTY_BODY = YES;
				CLANG_WARN_ENUM_CONVERSION = YES;
				CLANG_WARN_INFINITE_RECURSION = YES;
				CLANG_WARN_INT_CONVERSION = YES;
				CLANG_WARN_NON_LITERAL_NULL_CONVERSION = YES;
				CLANG_WARN_OBJC_IMPLICIT_RETAIN_SELF = YES;
				CLANG_WARN_OBJC_LITERAL_CONVERSION = YES;
				CLANG_WARN_OBJC_ROOT_CLASS = YES_ERROR;
				CLANG_WARN_QUOTED_INCLUDE_IN_FRAMEWORK_HEADER = YES;
				CLANG_WARN_RANGE_LOOP_ANALYSIS = YES;
				CLANG_WARN_STRICT_PROTOTYPES = YES;
				CLANG_WARN_SUSPICIOUS_MOVE = YES;
				CLANG_WARN_UNGUARDED_AVAILABILITY = YES_AGGRESSIVE;
				CLANG_WARN_UNREACHABLE_CODE = YES;
				CLANG_WARN__DUPLICATE_METHOD_MATCH = YES;
				COPY_PHASE_STRIP = NO;
				DEBUG_INFORMATION_FORMAT = dwarf;
				ENABLE_STRICT_OBJC_MSGSEND = YES;
				ENABLE_TESTABILITY = YES;
				ENABLE_USER_SCRIPT_SANDBOXING = YES;
				GCC_C_LANGUAGE_STANDARD = gnu17;
				GCC_DYNAMIC_NO_PIC = NO;
				GCC_NO_COMMON_BLOCKS = YES;
				GCC_OPTIMIZATION_LEVEL = 0;
				GCC_PREPROCESSOR_DEFINITIONS = (
					"DEBUG=1",
					"$(inherited)",
				);
				GCC_WARN_64_TO_32_BIT_CONVERSION = YES;
				GCC_WARN_ABOUT_RETURN_TYPE = YES_ERROR;
				GCC_WARN_UNDECLARED_SELECTOR = YES;
				GCC_WARN_UNINITIALIZED_AUTOS = YES_AGGRESSIVE;
				GCC_WARN_UNUSED_FUNCTION = YES;
				GCC_WARN_UNUSED_VARIABLE = YES;
				IPHONEOS_DEPLOYMENT_TARGET = 17.2;
				LOCALIZATION_PREFERS_STRING_CATALOGS = YES;
				MTL_ENABLE_DEBUG_INFO = INCLUDE_SOURCE;
				MTL_FAST_MATH = YES;
				ONLY_ACTIVE_ARCH = YES;
				SDKROOT = iphoneos;
				SWIFT_ACTIVE_COMPILATION_CONDITIONS = "DEBUG $(inherited)";
				SWIFT_OPTIMIZATION_LEVEL = "-Onone";
			};
			name = Debug;
		};
		DF4A897C2BE22D9100E15368 /* Release */ = {
			isa = XCBuildConfiguration;
			buildSettings = {
				ALWAYS_SEARCH_USER_PATHS = NO;
				ASSETCATALOG_COMPILER_GENERATE_SWIFT_ASSET_SYMBOL_EXTENSIONS = YES;
				CLANG_ANALYZER_NONNULL = YES;
				CLANG_ANALYZER_NUMBER_OBJECT_CONVERSION = YES_AGGRESSIVE;
				CLANG_CXX_LANGUAGE_STANDARD = "gnu++20";
				CLANG_ENABLE_MODULES = YES;
				CLANG_ENABLE_OBJC_ARC = YES;
				CLANG_ENABLE_OBJC_WEAK = YES;
				CLANG_WARN_BLOCK_CAPTURE_AUTORELEASING = YES;
				CLANG_WARN_BOOL_CONVERSION = YES;
				CLANG_WARN_COMMA = YES;
				CLANG_WARN_CONSTANT_CONVERSION = YES;
				CLANG_WARN_DEPRECATED_OBJC_IMPLEMENTATIONS = YES;
				CLANG_WARN_DIRECT_OBJC_ISA_USAGE = YES_ERROR;
				CLANG_WARN_DOCUMENTATION_COMMENTS = YES;
				CLANG_WARN_EMPTY_BODY = YES;
				CLANG_WARN_ENUM_CONVERSION = YES;
				CLANG_WARN_INFINITE_RECURSION = YES;
				CLANG_WARN_INT_CONVERSION = YES;
				CLANG_WARN_NON_LITERAL_NULL_CONVERSION = YES;
				CLANG_WARN_OBJC_IMPLICIT_RETAIN_SELF = YES;
				CLANG_WARN_OBJC_LITERAL_CONVERSION = YES;
				CLANG_WARN_OBJC_ROOT_CLASS = YES_ERROR;
				CLANG_WARN_QUOTED_INCLUDE_IN_FRAMEWORK_HEADER = YES;
				CLANG_WARN_RANGE_LOOP_ANALYSIS = YES;
				CLANG_WARN_STRICT_PROTOTYPES = YES;
				CLANG_WARN_SUSPICIOUS_MOVE = YES;
				CLANG_WARN_UNGUARDED_AVAILABILITY = YES_AGGRESSIVE;
				CLANG_WARN_UNREACHABLE_CODE = YES;
				CLANG_WARN__DUPLICATE_METHOD_MATCH = YES;
				COPY_PHASE_STRIP = NO;
				DEBUG_INFORMATION_FORMAT = "dwarf-with-dsym";
				ENABLE_NS_ASSERTIONS = NO;
				ENABLE_STRICT_OBJC_MSGSEND = YES;
				ENABLE_USER_SCRIPT_SANDBOXING = YES;
				GCC_C_LANGUAGE_STANDARD = gnu17;
				GCC_NO_COMMON_BLOCKS = YES;
				GCC_WARN_64_TO_32_BIT_CONVERSION = YES;
				GCC_WARN_ABOUT_RETURN_TYPE = YES_ERROR;
				GCC_WARN_UNDECLARED_SELECTOR = YES;
				GCC_WARN_UNINITIALIZED_AUTOS = YES_AGGRESSIVE;
				GCC_WARN_UNUSED_FUNCTION = YES;
				GCC_WARN_UNUSED_VARIABLE = YES;
				IPHONEOS_DEPLOYMENT_TARGET = 17.2;
				LOCALIZATION_PREFERS_STRING_CATALOGS = YES;
				MTL_ENABLE_DEBUG_INFO = NO;
				MTL_FAST_MATH = YES;
				SDKROOT = iphoneos;
				SWIFT_COMPILATION_MODE = wholemodule;
				VALIDATE_PRODUCT = YES;
			};
			name = Release;
		};
		DF4A897E2BE22D9100E15368 /* Debug */ = {
			isa = XCBuildConfiguration;
			buildSettings = {
				ASSETCATALOG_COMPILER_APPICON_NAME = AppIcon;
				ASSETCATALOG_COMPILER_GLOBAL_ACCENT_COLOR_NAME = AccentColor;
				CODE_SIGN_STYLE = Automatic;
				CURRENT_PROJECT_VERSION = 1;
				DEVELOPMENT_ASSET_PATHS = "\"TCA merge/Assets/Preview Content\"";
				ENABLE_PREVIEWS = YES;
				GENERATE_INFOPLIST_FILE = YES;
				INFOPLIST_KEY_UIApplicationSceneManifest_Generation = YES;
				INFOPLIST_KEY_UIApplicationSupportsIndirectInputEvents = YES;
				INFOPLIST_KEY_UILaunchScreen_Generation = YES;
				INFOPLIST_KEY_UISupportedInterfaceOrientations_iPad = "UIInterfaceOrientationPortrait UIInterfaceOrientationPortraitUpsideDown UIInterfaceOrientationLandscapeLeft UIInterfaceOrientationLandscapeRight";
				INFOPLIST_KEY_UISupportedInterfaceOrientations_iPhone = "UIInterfaceOrientationPortrait UIInterfaceOrientationLandscapeLeft UIInterfaceOrientationLandscapeRight";
				LD_RUNPATH_SEARCH_PATHS = (
					"$(inherited)",
					"@executable_path/Frameworks",
				);
				MARKETING_VERSION = 1.0;
				PRODUCT_BUNDLE_IDENTIFIER = "com.lukasbudac.TCA-merge";
				PRODUCT_NAME = "$(TARGET_NAME)";
				SWIFT_EMIT_LOC_STRINGS = YES;
				SWIFT_VERSION = 5.0;
				TARGETED_DEVICE_FAMILY = "1,2";
			};
			name = Debug;
		};
		DF4A897F2BE22D9100E15368 /* Release */ = {
			isa = XCBuildConfiguration;
			buildSettings = {
				ASSETCATALOG_COMPILER_APPICON_NAME = AppIcon;
				ASSETCATALOG_COMPILER_GLOBAL_ACCENT_COLOR_NAME = AccentColor;
				CODE_SIGN_STYLE = Automatic;
				CURRENT_PROJECT_VERSION = 1;
				DEVELOPMENT_ASSET_PATHS = "\"TCA merge/Assets/Preview Content\"";
				ENABLE_PREVIEWS = YES;
				GENERATE_INFOPLIST_FILE = YES;
				INFOPLIST_KEY_UIApplicationSceneManifest_Generation = YES;
				INFOPLIST_KEY_UIApplicationSupportsIndirectInputEvents = YES;
				INFOPLIST_KEY_UILaunchScreen_Generation = YES;
				INFOPLIST_KEY_UISupportedInterfaceOrientations_iPad = "UIInterfaceOrientationPortrait UIInterfaceOrientationPortraitUpsideDown UIInterfaceOrientationLandscapeLeft UIInterfaceOrientationLandscapeRight";
				INFOPLIST_KEY_UISupportedInterfaceOrientations_iPhone = "UIInterfaceOrientationPortrait UIInterfaceOrientationLandscapeLeft UIInterfaceOrientationLandscapeRight";
				LD_RUNPATH_SEARCH_PATHS = (
					"$(inherited)",
					"@executable_path/Frameworks",
				);
				MARKETING_VERSION = 1.0;
				PRODUCT_BUNDLE_IDENTIFIER = "com.lukasbudac.TCA-merge";
				PRODUCT_NAME = "$(TARGET_NAME)";
				SWIFT_EMIT_LOC_STRINGS = YES;
				SWIFT_VERSION = 5.0;
				TARGETED_DEVICE_FAMILY = "1,2";
			};
			name = Release;
		};
		DF4A89812BE22D9100E15368 /* Debug */ = {
			isa = XCBuildConfiguration;
			buildSettings = {
				ALWAYS_EMBED_SWIFT_STANDARD_LIBRARIES = YES;
				BUNDLE_LOADER = "$(TEST_HOST)";
				CODE_SIGN_STYLE = Automatic;
				CURRENT_PROJECT_VERSION = 1;
				GENERATE_INFOPLIST_FILE = YES;
				IPHONEOS_DEPLOYMENT_TARGET = 17.2;
				MARKETING_VERSION = 1.0;
				PRODUCT_BUNDLE_IDENTIFIER = "com.lukasbudac.TCA-mergeTests";
				PRODUCT_NAME = "$(TARGET_NAME)";
				SWIFT_EMIT_LOC_STRINGS = NO;
				SWIFT_VERSION = 5.0;
				TARGETED_DEVICE_FAMILY = "1,2";
				TEST_HOST = "$(BUILT_PRODUCTS_DIR)/TCA merge.app/$(BUNDLE_EXECUTABLE_FOLDER_PATH)/TCA merge";
			};
			name = Debug;
		};
		DF4A89822BE22D9100E15368 /* Release */ = {
			isa = XCBuildConfiguration;
			buildSettings = {
				ALWAYS_EMBED_SWIFT_STANDARD_LIBRARIES = YES;
				BUNDLE_LOADER = "$(TEST_HOST)";
				CODE_SIGN_STYLE = Automatic;
				CURRENT_PROJECT_VERSION = 1;
				GENERATE_INFOPLIST_FILE = YES;
				IPHONEOS_DEPLOYMENT_TARGET = 17.2;
				MARKETING_VERSION = 1.0;
				PRODUCT_BUNDLE_IDENTIFIER = "com.lukasbudac.TCA-mergeTests";
				PRODUCT_NAME = "$(TARGET_NAME)";
				SWIFT_EMIT_LOC_STRINGS = NO;
				SWIFT_VERSION = 5.0;
				TARGETED_DEVICE_FAMILY = "1,2";
				TEST_HOST = "$(BUILT_PRODUCTS_DIR)/TCA merge.app/$(BUNDLE_EXECUTABLE_FOLDER_PATH)/TCA merge";
			};
			name = Release;
		};
		DF4A89842BE22D9100E15368 /* Debug */ = {
			isa = XCBuildConfiguration;
			buildSettings = {
				ALWAYS_EMBED_SWIFT_STANDARD_LIBRARIES = YES;
				CODE_SIGN_STYLE = Automatic;
				CURRENT_PROJECT_VERSION = 1;
				GENERATE_INFOPLIST_FILE = YES;
				MARKETING_VERSION = 1.0;
				PRODUCT_BUNDLE_IDENTIFIER = "com.lukasbudac.TCA-mergeUITests";
				PRODUCT_NAME = "$(TARGET_NAME)";
				SWIFT_EMIT_LOC_STRINGS = NO;
				SWIFT_VERSION = 5.0;
				TARGETED_DEVICE_FAMILY = "1,2";
				TEST_TARGET_NAME = "TCA merge";
			};
			name = Debug;
		};
		DF4A89852BE22D9100E15368 /* Release */ = {
			isa = XCBuildConfiguration;
			buildSettings = {
				ALWAYS_EMBED_SWIFT_STANDARD_LIBRARIES = YES;
				CODE_SIGN_STYLE = Automatic;
				CURRENT_PROJECT_VERSION = 1;
				GENERATE_INFOPLIST_FILE = YES;
				MARKETING_VERSION = 1.0;
				PRODUCT_BUNDLE_IDENTIFIER = "com.lukasbudac.TCA-mergeUITests";
				PRODUCT_NAME = "$(TARGET_NAME)";
				SWIFT_EMIT_LOC_STRINGS = NO;
				SWIFT_VERSION = 5.0;
				TARGETED_DEVICE_FAMILY = "1,2";
				TEST_TARGET_NAME = "TCA merge";
			};
			name = Release;
		};
/* End XCBuildConfiguration section */

/* Begin XCConfigurationList section */
		DF4A89542BE22D8D00E15368 /* Build configuration list for PBXProject "TCA merge" */ = {
			isa = XCConfigurationList;
			buildConfigurations = (
				DF4A897B2BE22D9100E15368 /* Debug */,
				DF4A897C2BE22D9100E15368 /* Release */,
			);
			defaultConfigurationIsVisible = 0;
			defaultConfigurationName = Release;
		};
		DF4A897D2BE22D9100E15368 /* Build configuration list for PBXNativeTarget "TCA merge" */ = {
			isa = XCConfigurationList;
			buildConfigurations = (
				DF4A897E2BE22D9100E15368 /* Debug */,
				DF4A897F2BE22D9100E15368 /* Release */,
			);
			defaultConfigurationIsVisible = 0;
			defaultConfigurationName = Release;
		};
		DF4A89802BE22D9100E15368 /* Build configuration list for PBXNativeTarget "TCA mergeTests" */ = {
			isa = XCConfigurationList;
			buildConfigurations = (
				DF4A89812BE22D9100E15368 /* Debug */,
				DF4A89822BE22D9100E15368 /* Release */,
			);
			defaultConfigurationIsVisible = 0;
			defaultConfigurationName = Release;
		};
		DF4A89832BE22D9100E15368 /* Build configuration list for PBXNativeTarget "TCA mergeUITests" */ = {
			isa = XCConfigurationList;
			buildConfigurations = (
				DF4A89842BE22D9100E15368 /* Debug */,
				DF4A89852BE22D9100E15368 /* Release */,
			);
			defaultConfigurationIsVisible = 0;
			defaultConfigurationName = Release;
		};
/* End XCConfigurationList section */

/* Begin XCRemoteSwiftPackageReference section */
		DF4A89862BE22EFE00E15368 /* XCRemoteSwiftPackageReference "swift-composable-architecture" */ = {
			isa = XCRemoteSwiftPackageReference;
			repositoryURL = "https://github.com/pointfreeco/swift-composable-architecture";
			requirement = {
				kind = exactVersion;
				version = 1.10.2;
			};
		};
/* End XCRemoteSwiftPackageReference section */

/* Begin XCSwiftPackageProductDependency section */
		DF4A89872BE22EFE00E15368 /* ComposableArchitecture */ = {
			isa = XCSwiftPackageProductDependency;
			package = DF4A89862BE22EFE00E15368 /* XCRemoteSwiftPackageReference "swift-composable-architecture" */;
			productName = ComposableArchitecture;
		};
/* End XCSwiftPackageProductDependency section */
	};
	rootObject = DF4A89512BE22D8D00E15368 /* Project object */;
}
